// !$*UTF8*$!
{
	archiveVersion = 1;
	classes = {
	};
	objectVersion = 50;
	objects = {

/* Begin PBXBuildFile section */
		4EF8E777DBF892A5E10B7CD3 /* Pods_KudaGoParser.framework in Frameworks */ = {isa = PBXBuildFile; fileRef = E4950C3EA53DDBD31CE2F7FD /* Pods_KudaGoParser.framework */; };
		5F097E6820BBFC24007304B4 /* AnnotationPin.swift in Sources */ = {isa = PBXBuildFile; fileRef = 5F097E6720BBFC24007304B4 /* AnnotationPin.swift */; };
		5F5C96DA20BC74D400114570 /* CustomPageControl.swift in Sources */ = {isa = PBXBuildFile; fileRef = 5F5C96D920BC74D400114570 /* CustomPageControl.swift */; };
		5F5C96E520BD3A0B00114570 /* SF-Pro-Display-Bold.otf in Resources */ = {isa = PBXBuildFile; fileRef = 5F5C96E420BC9E5600114570 /* SF-Pro-Display-Bold.otf */; };
		5F5C96E620BD3A0D00114570 /* SF-Pro-Text-Bold.otf in Resources */ = {isa = PBXBuildFile; fileRef = 5F5C96E320BC9DA000114570 /* SF-Pro-Text-Bold.otf */; };
		5F5C96E720BD3A1000114570 /* SF-Pro-Text-Semibold.otf in Resources */ = {isa = PBXBuildFile; fileRef = 5F5C96E220BC9D7200114570 /* SF-Pro-Text-Semibold.otf */; };
		5F5C96E820BD3A1200114570 /* SF-Pro-Text-Regular.otf in Resources */ = {isa = PBXBuildFile; fileRef = 5F5C96DF20BC9C9000114570 /* SF-Pro-Text-Regular.otf */; };
		5FA4A2DE20B6DEF8003B924E /* DetailViewCell.swift in Sources */ = {isa = PBXBuildFile; fileRef = 5FA4A2DD20B6DEF8003B924E /* DetailViewCell.swift */; };
		5FA4A2E020B6DF73003B924E /* DetailViewController.swift in Sources */ = {isa = PBXBuildFile; fileRef = 5FA4A2DF20B6DF73003B924E /* DetailViewController.swift */; };
		5FA5E80A20A9650C0036F92A /* AppDelegate.swift in Sources */ = {isa = PBXBuildFile; fileRef = 5FA5E80920A9650C0036F92A /* AppDelegate.swift */; };
		5FA5E80C20A9650C0036F92A /* ViewController.swift in Sources */ = {isa = PBXBuildFile; fileRef = 5FA5E80B20A9650C0036F92A /* ViewController.swift */; };
		5FA5E80F20A9650C0036F92A /* Main.storyboard in Resources */ = {isa = PBXBuildFile; fileRef = 5FA5E80D20A9650C0036F92A /* Main.storyboard */; };
		5FA5E81120A9650F0036F92A /* Assets.xcassets in Resources */ = {isa = PBXBuildFile; fileRef = 5FA5E81020A9650F0036F92A /* Assets.xcassets */; };
		5FA5E81420A9650F0036F92A /* LaunchScreen.storyboard in Resources */ = {isa = PBXBuildFile; fileRef = 5FA5E81220A9650F0036F92A /* LaunchScreen.storyboard */; };
		5FA5E81C20A9A3240036F92A /* .gitignore in Resources */ = {isa = PBXBuildFile; fileRef = 5FA5E81B20A9A3240036F92A /* .gitignore */; };
		5FA5E81E20A9A7240036F92A /* TableViewCell.swift in Sources */ = {isa = PBXBuildFile; fileRef = 5FA5E81D20A9A7240036F92A /* TableViewCell.swift */; };
		5FA5E82020A9A7EE0036F92A /* DecodableStructures.swift in Sources */ = {isa = PBXBuildFile; fileRef = 5FA5E81F20A9A7EE0036F92A /* DecodableStructures.swift */; };
		5FA5E82220A9A8B50036F92A /* ParseManager.swift in Sources */ = {isa = PBXBuildFile; fileRef = 5FA5E82120A9A8B50036F92A /* ParseManager.swift */; };
		5FA5E82420A9A9FE0036F92A /* UrlRequest.swift in Sources */ = {isa = PBXBuildFile; fileRef = 5FA5E82320A9A9FE0036F92A /* UrlRequest.swift */; };
		5FCF390820B805F1000B19AF /* MapKit.framework in Frameworks */ = {isa = PBXBuildFile; fileRef = 5FCF390720B805F1000B19AF /* MapKit.framework */; };
		5FCF391120B8B0D2000B19AF /* RefreshContent.xib in Resources */ = {isa = PBXBuildFile; fileRef = 5FCF391020B8B0D2000B19AF /* RefreshContent.xib */; };
/* End PBXBuildFile section */

/* Begin PBXFileReference section */
		5F097E6720BBFC24007304B4 /* AnnotationPin.swift */ = {isa = PBXFileReference; lastKnownFileType = sourcecode.swift; path = AnnotationPin.swift; sourceTree = "<group>"; };
		5F5C96D920BC74D400114570 /* CustomPageControl.swift */ = {isa = PBXFileReference; lastKnownFileType = sourcecode.swift; path = CustomPageControl.swift; sourceTree = "<group>"; };
		5F5C96DF20BC9C9000114570 /* SF-Pro-Text-Regular.otf */ = {isa = PBXFileReference; lastKnownFileType = file; path = "SF-Pro-Text-Regular.otf"; sourceTree = "<group>"; };
		5F5C96E220BC9D7200114570 /* SF-Pro-Text-Semibold.otf */ = {isa = PBXFileReference; lastKnownFileType = file; name = "SF-Pro-Text-Semibold.otf"; path = "../../../../../Library/Fonts/SF-Pro-Text-Semibold.otf"; sourceTree = "<group>"; };
		5F5C96E320BC9DA000114570 /* SF-Pro-Text-Bold.otf */ = {isa = PBXFileReference; lastKnownFileType = file; name = "SF-Pro-Text-Bold.otf"; path = "../../../../../Library/Fonts/SF-Pro-Text-Bold.otf"; sourceTree = "<group>"; };
		5F5C96E420BC9E5600114570 /* SF-Pro-Display-Bold.otf */ = {isa = PBXFileReference; lastKnownFileType = file; name = "SF-Pro-Display-Bold.otf"; path = "../../../../../Library/Fonts/SF-Pro-Display-Bold.otf"; sourceTree = "<group>"; };
		5FA4A2DD20B6DEF8003B924E /* DetailViewCell.swift */ = {isa = PBXFileReference; lastKnownFileType = sourcecode.swift; path = DetailViewCell.swift; sourceTree = "<group>"; };
		5FA4A2DF20B6DF73003B924E /* DetailViewController.swift */ = {isa = PBXFileReference; lastKnownFileType = sourcecode.swift; path = DetailViewController.swift; sourceTree = "<group>"; };
		5FA5E80620A9650C0036F92A /* KudaGoParser.app */ = {isa = PBXFileReference; explicitFileType = wrapper.application; includeInIndex = 0; path = KudaGoParser.app; sourceTree = BUILT_PRODUCTS_DIR; };
		5FA5E80920A9650C0036F92A /* AppDelegate.swift */ = {isa = PBXFileReference; lastKnownFileType = sourcecode.swift; path = AppDelegate.swift; sourceTree = "<group>"; };
		5FA5E80B20A9650C0036F92A /* ViewController.swift */ = {isa = PBXFileReference; lastKnownFileType = sourcecode.swift; path = ViewController.swift; sourceTree = "<group>"; };
		5FA5E80E20A9650C0036F92A /* Base */ = {isa = PBXFileReference; lastKnownFileType = file.storyboard; name = Base; path = Base.lproj/Main.storyboard; sourceTree = "<group>"; };
		5FA5E81020A9650F0036F92A /* Assets.xcassets */ = {isa = PBXFileReference; lastKnownFileType = folder.assetcatalog; path = Assets.xcassets; sourceTree = "<group>"; };
		5FA5E81320A9650F0036F92A /* Base */ = {isa = PBXFileReference; lastKnownFileType = file.storyboard; name = Base; path = Base.lproj/LaunchScreen.storyboard; sourceTree = "<group>"; };
		5FA5E81520A9650F0036F92A /* Info.plist */ = {isa = PBXFileReference; lastKnownFileType = text.plist.xml; path = Info.plist; sourceTree = "<group>"; };
		5FA5E81B20A9A3240036F92A /* .gitignore */ = {isa = PBXFileReference; lastKnownFileType = text; path = .gitignore; sourceTree = "<group>"; };
		5FA5E81D20A9A7240036F92A /* TableViewCell.swift */ = {isa = PBXFileReference; lastKnownFileType = sourcecode.swift; path = TableViewCell.swift; sourceTree = "<group>"; };
		5FA5E81F20A9A7EE0036F92A /* DecodableStructures.swift */ = {isa = PBXFileReference; lastKnownFileType = sourcecode.swift; path = DecodableStructures.swift; sourceTree = "<group>"; };
		5FA5E82120A9A8B50036F92A /* ParseManager.swift */ = {isa = PBXFileReference; lastKnownFileType = sourcecode.swift; path = ParseManager.swift; sourceTree = "<group>"; };
		5FA5E82320A9A9FE0036F92A /* UrlRequest.swift */ = {isa = PBXFileReference; lastKnownFileType = sourcecode.swift; path = UrlRequest.swift; sourceTree = "<group>"; };
		5FCF390720B805F1000B19AF /* MapKit.framework */ = {isa = PBXFileReference; lastKnownFileType = wrapper.framework; name = MapKit.framework; path = System/Library/Frameworks/MapKit.framework; sourceTree = SDKROOT; };
		5FCF391020B8B0D2000B19AF /* RefreshContent.xib */ = {isa = PBXFileReference; lastKnownFileType = file.xib; path = RefreshContent.xib; sourceTree = "<group>"; };
		82173B61C174347F25878969 /* Pods-KudaGoParser.debug.xcconfig */ = {isa = PBXFileReference; includeInIndex = 1; lastKnownFileType = text.xcconfig; name = "Pods-KudaGoParser.debug.xcconfig"; path = "Pods/Target Support Files/Pods-KudaGoParser/Pods-KudaGoParser.debug.xcconfig"; sourceTree = "<group>"; };
		8B1961C9338FA6E5D2C40985 /* Pods-KudaGoParser.release.xcconfig */ = {isa = PBXFileReference; includeInIndex = 1; lastKnownFileType = text.xcconfig; name = "Pods-KudaGoParser.release.xcconfig"; path = "Pods/Target Support Files/Pods-KudaGoParser/Pods-KudaGoParser.release.xcconfig"; sourceTree = "<group>"; };
		E4950C3EA53DDBD31CE2F7FD /* Pods_KudaGoParser.framework */ = {isa = PBXFileReference; explicitFileType = wrapper.framework; includeInIndex = 0; path = Pods_KudaGoParser.framework; sourceTree = BUILT_PRODUCTS_DIR; };
/* End PBXFileReference section */

/* Begin PBXFrameworksBuildPhase section */
		5FA5E80320A9650B0036F92A /* Frameworks */ = {
			isa = PBXFrameworksBuildPhase;
			buildActionMask = 2147483647;
			files = (
				5FCF390820B805F1000B19AF /* MapKit.framework in Frameworks */,
				4EF8E777DBF892A5E10B7CD3 /* Pods_KudaGoParser.framework in Frameworks */,
			);
			runOnlyForDeploymentPostprocessing = 0;
		};
/* End PBXFrameworksBuildPhase section */

/* Begin PBXGroup section */
		293C6F74F7195C1250038670 /* Frameworks */ = {
			isa = PBXGroup;
			children = (
				5FCF390720B805F1000B19AF /* MapKit.framework */,
				E4950C3EA53DDBD31CE2F7FD /* Pods_KudaGoParser.framework */,
			);
			name = Frameworks;
			sourceTree = "<group>";
		};
		3A3E2EC3686DD3A9411DD9A2 /* Pods */ = {
			isa = PBXGroup;
			children = (
				82173B61C174347F25878969 /* Pods-KudaGoParser.debug.xcconfig */,
				8B1961C9338FA6E5D2C40985 /* Pods-KudaGoParser.release.xcconfig */,
			);
			name = Pods;
			sourceTree = "<group>";
		};
		5F5C96DB20BC944D00114570 /* ViewController */ = {
			isa = PBXGroup;
			children = (
				5FA5E80B20A9650C0036F92A /* ViewController.swift */,
				5FA5E81D20A9A7240036F92A /* TableViewCell.swift */,
			);
			path = ViewController;
			sourceTree = "<group>";
		};
		5F5C96DC20BC947500114570 /* DetailViewController */ = {
			isa = PBXGroup;
			children = (
				5FA4A2DF20B6DF73003B924E /* DetailViewController.swift */,
				5FA4A2DD20B6DEF8003B924E /* DetailViewCell.swift */,
			);
			path = DetailViewController;
			sourceTree = "<group>";
		};
		5F5C96DE20BC9C8F00114570 /* Fonts */ = {
			isa = PBXGroup;
			children = (
				5F5C96E420BC9E5600114570 /* SF-Pro-Display-Bold.otf */,
				5F5C96E320BC9DA000114570 /* SF-Pro-Text-Bold.otf */,
				5F5C96E220BC9D7200114570 /* SF-Pro-Text-Semibold.otf */,
				5F5C96DF20BC9C9000114570 /* SF-Pro-Text-Regular.otf */,
			);
			path = Fonts;
			sourceTree = "<group>";
		};
		5FA5E7FD20A9650B0036F92A = {
			isa = PBXGroup;
			children = (
				5FA5E80820A9650C0036F92A /* KudaGoParser */,
				5FA5E80720A9650C0036F92A /* Products */,
				3A3E2EC3686DD3A9411DD9A2 /* Pods */,
				293C6F74F7195C1250038670 /* Frameworks */,
			);
			sourceTree = "<group>";
		};
		5FA5E80720A9650C0036F92A /* Products */ = {
			isa = PBXGroup;
			children = (
				5FA5E80620A9650C0036F92A /* KudaGoParser.app */,
			);
			name = Products;
			sourceTree = "<group>";
		};
		5FA5E80820A9650C0036F92A /* KudaGoParser */ = {
			isa = PBXGroup;
			children = (
				5FA5E82620A9AA5E0036F92A /* Controller */,
				5FA5E82520A9AA400036F92A /* Model */,
				5FA5E80D20A9650C0036F92A /* Main.storyboard */,
				5FA5E81220A9650F0036F92A /* LaunchScreen.storyboard */,
				5FCF391020B8B0D2000B19AF /* RefreshContent.xib */,
				5F5C96DE20BC9C8F00114570 /* Fonts */,
				5FA5E82720A9AA710036F92A /* SupportingFiles */,
			);
			path = KudaGoParser;
			sourceTree = "<group>";
		};
		5FA5E82520A9AA400036F92A /* Model */ = {
			isa = PBXGroup;
			children = (
				5FA5E81F20A9A7EE0036F92A /* DecodableStructures.swift */,
				5FA5E82320A9A9FE0036F92A /* UrlRequest.swift */,
				5FA5E82120A9A8B50036F92A /* ParseManager.swift */,
			);
			path = Model;
			sourceTree = "<group>";
		};
		5FA5E82620A9AA5E0036F92A /* Controller */ = {
			isa = PBXGroup;
			children = (
				5F5C96DB20BC944D00114570 /* ViewController */,
				5F5C96DC20BC947500114570 /* DetailViewController */,
				5F5C96D920BC74D400114570 /* CustomPageControl.swift */,
				5F097E6720BBFC24007304B4 /* AnnotationPin.swift */,
			);
			path = Controller;
			sourceTree = "<group>";
		};
		5FA5E82720A9AA710036F92A /* SupportingFiles */ = {
			isa = PBXGroup;
			children = (
				5FA5E81B20A9A3240036F92A /* .gitignore */,
				5FA5E81520A9650F0036F92A /* Info.plist */,
				5FA5E81020A9650F0036F92A /* Assets.xcassets */,
				5FA5E80920A9650C0036F92A /* AppDelegate.swift */,
			);
			path = SupportingFiles;
			sourceTree = "<group>";
		};
/* End PBXGroup section */

/* Begin PBXNativeTarget section */
		5FA5E80520A9650B0036F92A /* KudaGoParser */ = {
			isa = PBXNativeTarget;
			buildConfigurationList = 5FA5E81820A9650F0036F92A /* Build configuration list for PBXNativeTarget "KudaGoParser" */;
			buildPhases = (
				9966EA05D1623170DF611778 /* [CP] Check Pods Manifest.lock */,
				5FA5E80220A9650B0036F92A /* Sources */,
				5FA5E80320A9650B0036F92A /* Frameworks */,
				5FA5E80420A9650B0036F92A /* Resources */,
				C79931DF14D0A234892944F5 /* [CP] Embed Pods Frameworks */,
			);
			buildRules = (
			);
			dependencies = (
			);
			name = KudaGoParser;
			productName = KudaGoParser;
			productReference = 5FA5E80620A9650C0036F92A /* KudaGoParser.app */;
			productType = "com.apple.product-type.application";
		};
/* End PBXNativeTarget section */

/* Begin PBXProject section */
		5FA5E7FE20A9650B0036F92A /* Project object */ = {
			isa = PBXProject;
			attributes = {
				LastSwiftUpdateCheck = 0930;
				LastUpgradeCheck = 0930;
				ORGANIZATIONNAME = nikita;
				TargetAttributes = {
					5FA5E80520A9650B0036F92A = {
						CreatedOnToolsVersion = 9.3;
						SystemCapabilities = {
							com.apple.Maps.iOS = {
								enabled = 1;
							};
						};
					};
				};
			};
			buildConfigurationList = 5FA5E80120A9650B0036F92A /* Build configuration list for PBXProject "KudaGoParser" */;
			compatibilityVersion = "Xcode 9.3";
			developmentRegion = en;
			hasScannedForEncodings = 0;
			knownRegions = (
				en,
				Base,
			);
			mainGroup = 5FA5E7FD20A9650B0036F92A;
			productRefGroup = 5FA5E80720A9650C0036F92A /* Products */;
			projectDirPath = "";
			projectRoot = "";
			targets = (
				5FA5E80520A9650B0036F92A /* KudaGoParser */,
			);
		};
/* End PBXProject section */

/* Begin PBXResourcesBuildPhase section */
		5FA5E80420A9650B0036F92A /* Resources */ = {
			isa = PBXResourcesBuildPhase;
			buildActionMask = 2147483647;
			files = (
				5FA5E81C20A9A3240036F92A /* .gitignore in Resources */,
				5F5C96E620BD3A0D00114570 /* SF-Pro-Text-Bold.otf in Resources */,
				5FCF391120B8B0D2000B19AF /* RefreshContent.xib in Resources */,
				5F5C96E520BD3A0B00114570 /* SF-Pro-Display-Bold.otf in Resources */,
				5F5C96E720BD3A1000114570 /* SF-Pro-Text-Semibold.otf in Resources */,
				5FA5E81420A9650F0036F92A /* LaunchScreen.storyboard in Resources */,
				5F5C96E820BD3A1200114570 /* SF-Pro-Text-Regular.otf in Resources */,
				5FA5E81120A9650F0036F92A /* Assets.xcassets in Resources */,
				5FA5E80F20A9650C0036F92A /* Main.storyboard in Resources */,
			);
			runOnlyForDeploymentPostprocessing = 0;
		};
/* End PBXResourcesBuildPhase section */

/* Begin PBXShellScriptBuildPhase section */
		9966EA05D1623170DF611778 /* [CP] Check Pods Manifest.lock */ = {
			isa = PBXShellScriptBuildPhase;
			buildActionMask = 2147483647;
			files = (
			);
			inputPaths = (
				"${PODS_PODFILE_DIR_PATH}/Podfile.lock",
				"${PODS_ROOT}/Manifest.lock",
			);
			name = "[CP] Check Pods Manifest.lock";
			outputPaths = (
				"$(DERIVED_FILE_DIR)/Pods-KudaGoParser-checkManifestLockResult.txt",
			);
			runOnlyForDeploymentPostprocessing = 0;
			shellPath = /bin/sh;
			shellScript = "diff \"${PODS_PODFILE_DIR_PATH}/Podfile.lock\" \"${PODS_ROOT}/Manifest.lock\" > /dev/null\nif [ $? != 0 ] ; then\n    # print error to STDERR\n    echo \"error: The sandbox is not in sync with the Podfile.lock. Run 'pod install' or update your CocoaPods installation.\" >&2\n    exit 1\nfi\n# This output is used by Xcode 'outputs' to avoid re-running this script phase.\necho \"SUCCESS\" > \"${SCRIPT_OUTPUT_FILE_0}\"\n";
			showEnvVarsInLog = 0;
		};
		C79931DF14D0A234892944F5 /* [CP] Embed Pods Frameworks */ = {
			isa = PBXShellScriptBuildPhase;
			buildActionMask = 2147483647;
			files = (
			);
			inputPaths = (
				"${SRCROOT}/Pods/Target Support Files/Pods-KudaGoParser/Pods-KudaGoParser-frameworks.sh",
				"${BUILT_PRODUCTS_DIR}/Alamofire/Alamofire.framework",
				"${BUILT_PRODUCTS_DIR}/AlamofireImage/AlamofireImage.framework",
				"${BUILT_PRODUCTS_DIR}/SDWebImage/SDWebImage.framework",
			);
			name = "[CP] Embed Pods Frameworks";
			outputPaths = (
				"${TARGET_BUILD_DIR}/${FRAMEWORKS_FOLDER_PATH}/Alamofire.framework",
				"${TARGET_BUILD_DIR}/${FRAMEWORKS_FOLDER_PATH}/AlamofireImage.framework",
				"${TARGET_BUILD_DIR}/${FRAMEWORKS_FOLDER_PATH}/SDWebImage.framework",
			);
			runOnlyForDeploymentPostprocessing = 0;
			shellPath = /bin/sh;
			shellScript = "\"${SRCROOT}/Pods/Target Support Files/Pods-KudaGoParser/Pods-KudaGoParser-frameworks.sh\"\n";
			showEnvVarsInLog = 0;
		};
/* End PBXShellScriptBuildPhase section */

/* Begin PBXSourcesBuildPhase section */
		5FA5E80220A9650B0036F92A /* Sources */ = {
			isa = PBXSourcesBuildPhase;
			buildActionMask = 2147483647;
			files = (
				5F097E6820BBFC24007304B4 /* AnnotationPin.swift in Sources */,
				5FA4A2E020B6DF73003B924E /* DetailViewController.swift in Sources */,
				5FA5E81E20A9A7240036F92A /* TableViewCell.swift in Sources */,
				5FA5E82220A9A8B50036F92A /* ParseManager.swift in Sources */,
				5FA5E80C20A9650C0036F92A /* ViewController.swift in Sources */,
				5F5C96DA20BC74D400114570 /* CustomPageControl.swift in Sources */,
				5FA5E80A20A9650C0036F92A /* AppDelegate.swift in Sources */,
				5FA5E82420A9A9FE0036F92A /* UrlRequest.swift in Sources */,
				5FA4A2DE20B6DEF8003B924E /* DetailViewCell.swift in Sources */,
				5FA5E82020A9A7EE0036F92A /* DecodableStructures.swift in Sources */,
			);
			runOnlyForDeploymentPostprocessing = 0;
		};
/* End PBXSourcesBuildPhase section */

/* Begin PBXVariantGroup section */
		5FA5E80D20A9650C0036F92A /* Main.storyboard */ = {
			isa = PBXVariantGroup;
			children = (
				5FA5E80E20A9650C0036F92A /* Base */,
			);
			name = Main.storyboard;
			sourceTree = "<group>";
		};
		5FA5E81220A9650F0036F92A /* LaunchScreen.storyboard */ = {
			isa = PBXVariantGroup;
			children = (
				5FA5E81320A9650F0036F92A /* Base */,
			);
			name = LaunchScreen.storyboard;
			sourceTree = "<group>";
		};
/* End PBXVariantGroup section */

/* Begin XCBuildConfiguration section */
		5FA5E81620A9650F0036F92A /* Debug */ = {
			isa = XCBuildConfiguration;
			buildSettings = {
				ALWAYS_SEARCH_USER_PATHS = NO;
				CLANG_ANALYZER_NONNULL = YES;
				CLANG_ANALYZER_NUMBER_OBJECT_CONVERSION = YES_AGGRESSIVE;
				CLANG_CXX_LANGUAGE_STANDARD = "gnu++14";
				CLANG_CXX_LIBRARY = "libc++";
				CLANG_ENABLE_MODULES = YES;
				CLANG_ENABLE_OBJC_ARC = YES;
				CLANG_ENABLE_OBJC_WEAK = YES;
				CLANG_WARN_BLOCK_CAPTURE_AUTORELEASING = YES;
				CLANG_WARN_BOOL_CONVERSION = YES;
				CLANG_WARN_COMMA = YES;
				CLANG_WARN_CONSTANT_CONVERSION = YES;
				CLANG_WARN_DEPRECATED_OBJC_IMPLEMENTATIONS = YES;
				CLANG_WARN_DIRECT_OBJC_ISA_USAGE = YES_ERROR;
				CLANG_WARN_DOCUMENTATION_COMMENTS = YES;
				CLANG_WARN_EMPTY_BODY = YES;
				CLANG_WARN_ENUM_CONVERSION = YES;
				CLANG_WARN_INFINITE_RECURSION = YES;
				CLANG_WARN_INT_CONVERSION = YES;
				CLANG_WARN_NON_LITERAL_NULL_CONVERSION = YES;
				CLANG_WARN_OBJC_IMPLICIT_RETAIN_SELF = YES;
				CLANG_WARN_OBJC_LITERAL_CONVERSION = YES;
				CLANG_WARN_OBJC_ROOT_CLASS = YES_ERROR;
				CLANG_WARN_RANGE_LOOP_ANALYSIS = YES;
				CLANG_WARN_STRICT_PROTOTYPES = YES;
				CLANG_WARN_SUSPICIOUS_MOVE = YES;
				CLANG_WARN_UNGUARDED_AVAILABILITY = YES_AGGRESSIVE;
				CLANG_WARN_UNREACHABLE_CODE = YES;
				CLANG_WARN__DUPLICATE_METHOD_MATCH = YES;
				CODE_SIGN_IDENTITY = "iPhone Developer";
				COPY_PHASE_STRIP = NO;
				DEBUG_INFORMATION_FORMAT = dwarf;
				ENABLE_STRICT_OBJC_MSGSEND = YES;
				ENABLE_TESTABILITY = YES;
				GCC_C_LANGUAGE_STANDARD = gnu11;
				GCC_DYNAMIC_NO_PIC = NO;
				GCC_NO_COMMON_BLOCKS = YES;
				GCC_OPTIMIZATION_LEVEL = 0;
				GCC_PREPROCESSOR_DEFINITIONS = (
					"DEBUG=1",
					"$(inherited)",
				);
				GCC_WARN_64_TO_32_BIT_CONVERSION = YES;
				GCC_WARN_ABOUT_RETURN_TYPE = YES_ERROR;
				GCC_WARN_UNDECLARED_SELECTOR = YES;
				GCC_WARN_UNINITIALIZED_AUTOS = YES_AGGRESSIVE;
				GCC_WARN_UNUSED_FUNCTION = YES;
				GCC_WARN_UNUSED_VARIABLE = YES;
				IPHONEOS_DEPLOYMENT_TARGET = 11.3;
				MTL_ENABLE_DEBUG_INFO = YES;
				ONLY_ACTIVE_ARCH = YES;
				SDKROOT = iphoneos;
				SWIFT_ACTIVE_COMPILATION_CONDITIONS = DEBUG;
				SWIFT_OPTIMIZATION_LEVEL = "-Onone";
			};
			name = Debug;
		};
		5FA5E81720A9650F0036F92A /* Release */ = {
			isa = XCBuildConfiguration;
			buildSettings = {
				ALWAYS_SEARCH_USER_PATHS = NO;
				CLANG_ANALYZER_NONNULL = YES;
				CLANG_ANALYZER_NUMBER_OBJECT_CONVERSION = YES_AGGRESSIVE;
				CLANG_CXX_LANGUAGE_STANDARD = "gnu++14";
				CLANG_CXX_LIBRARY = "libc++";
				CLANG_ENABLE_MODULES = YES;
				CLANG_ENABLE_OBJC_ARC = YES;
				CLANG_ENABLE_OBJC_WEAK = YES;
				CLANG_WARN_BLOCK_CAPTURE_AUTORELEASING = YES;
				CLANG_WARN_BOOL_CONVERSION = YES;
				CLANG_WARN_COMMA = YES;
				CLANG_WARN_CONSTANT_CONVERSION = YES;
				CLANG_WARN_DEPRECATED_OBJC_IMPLEMENTATIONS = YES;
				CLANG_WARN_DIRECT_OBJC_ISA_USAGE = YES_ERROR;
				CLANG_WARN_DOCUMENTATION_COMMENTS = YES;
				CLANG_WARN_EMPTY_BODY = YES;
				CLANG_WARN_ENUM_CONVERSION = YES;
				CLANG_WARN_INFINITE_RECURSION = YES;
				CLANG_WARN_INT_CONVERSION = YES;
				CLANG_WARN_NON_LITERAL_NULL_CONVERSION = YES;
				CLANG_WARN_OBJC_IMPLICIT_RETAIN_SELF = YES;
				CLANG_WARN_OBJC_LITERAL_CONVERSION = YES;
				CLANG_WARN_OBJC_ROOT_CLASS = YES_ERROR;
				CLANG_WARN_RANGE_LOOP_ANALYSIS = YES;
				CLANG_WARN_STRICT_PROTOTYPES = YES;
				CLANG_WARN_SUSPICIOUS_MOVE = YES;
				CLANG_WARN_UNGUARDED_AVAILABILITY = YES_AGGRESSIVE;
				CLANG_WARN_UNREACHABLE_CODE = YES;
				CLANG_WARN__DUPLICATE_METHOD_MATCH = YES;
				CODE_SIGN_IDENTITY = "iPhone Developer";
				COPY_PHASE_STRIP = NO;
				DEBUG_INFORMATION_FORMAT = "dwarf-with-dsym";
				ENABLE_NS_ASSERTIONS = NO;
				ENABLE_STRICT_OBJC_MSGSEND = YES;
				GCC_C_LANGUAGE_STANDARD = gnu11;
				GCC_NO_COMMON_BLOCKS = YES;
				GCC_WARN_64_TO_32_BIT_CONVERSION = YES;
				GCC_WARN_ABOUT_RETURN_TYPE = YES_ERROR;
				GCC_WARN_UNDECLARED_SELECTOR = YES;
				GCC_WARN_UNINITIALIZED_AUTOS = YES_AGGRESSIVE;
				GCC_WARN_UNUSED_FUNCTION = YES;
				GCC_WARN_UNUSED_VARIABLE = YES;
				IPHONEOS_DEPLOYMENT_TARGET = 11.3;
				MTL_ENABLE_DEBUG_INFO = NO;
				SDKROOT = iphoneos;
				SWIFT_COMPILATION_MODE = wholemodule;
				SWIFT_OPTIMIZATION_LEVEL = "-O";
				VALIDATE_PRODUCT = YES;
			};
			name = Release;
		};
		5FA5E81920A9650F0036F92A /* Debug */ = {
			isa = XCBuildConfiguration;
			baseConfigurationReference = 82173B61C174347F25878969 /* Pods-KudaGoParser.debug.xcconfig */;
			buildSettings = {
				ASSETCATALOG_COMPILER_APPICON_NAME = AppIcon;
				CODE_SIGN_STYLE = Automatic;
				DEVELOPMENT_TEAM = PYTC3MQ92X;
				INFOPLIST_FILE = "$(SRCROOT)/KudaGoParser/SupportingFiles/Info.plist";
				IPHONEOS_DEPLOYMENT_TARGET = 10.0;
				LD_RUNPATH_SEARCH_PATHS = (
					"$(inherited)",
					"@executable_path/Frameworks",
				);
				PRODUCT_BUNDLE_IDENTIFIER = nikita.ru.KudaGoParser;
				PRODUCT_NAME = "$(TARGET_NAME)";
				SWIFT_VERSION = 4.0;
				TARGETED_DEVICE_FAMILY = 1;
			};
			name = Debug;
		};
		5FA5E81A20A9650F0036F92A /* Release */ = {
			isa = XCBuildConfiguration;
			baseConfigurationReference = 8B1961C9338FA6E5D2C40985 /* Pods-KudaGoParser.release.xcconfig */;
			buildSettings = {
				ASSETCATALOG_COMPILER_APPICON_NAME = AppIcon;
				CODE_SIGN_STYLE = Automatic;
				DEVELOPMENT_TEAM = PYTC3MQ92X;
				INFOPLIST_FILE = "$(SRCROOT)/KudaGoParser/SupportingFiles/Info.plist";
				IPHONEOS_DEPLOYMENT_TARGET = 10.0;
				LD_RUNPATH_SEARCH_PATHS = (
					"$(inherited)",
					"@executable_path/Frameworks",
				);
				PRODUCT_BUNDLE_IDENTIFIER = nikita.ru.KudaGoParser;
				PRODUCT_NAME = "$(TARGET_NAME)";
				SWIFT_VERSION = 4.0;
				TARGETED_DEVICE_FAMILY = 1;
			};
			name = Release;
		};
/* End XCBuildConfiguration section */

/* Begin XCConfigurationList section */
		5FA5E80120A9650B0036F92A /* Build configuration list for PBXProject "KudaGoParser" */ = {
			isa = XCConfigurationList;
			buildConfigurations = (
				5FA5E81620A9650F0036F92A /* Debug */,
				5FA5E81720A9650F0036F92A /* Release */,
			);
			defaultConfigurationIsVisible = 0;
			defaultConfigurationName = Release;
		};
		5FA5E81820A9650F0036F92A /* Build configuration list for PBXNativeTarget "KudaGoParser" */ = {
			isa = XCConfigurationList;
			buildConfigurations = (
				5FA5E81920A9650F0036F92A /* Debug */,
				5FA5E81A20A9650F0036F92A /* Release */,
			);
			defaultConfigurationIsVisible = 0;
			defaultConfigurationName = Release;
		};
/* End XCConfigurationList section */
	};
	rootObject = 5FA5E7FE20A9650B0036F92A /* Project object */;
}
