// !$*UTF8*$!
{
	archiveVersion = 1;
	classes = {
	};
	objectVersion = 50;
	objects = {

/* Begin PBXBuildFile section */
		5FA5E80A20A9650C0036F92A /* AppDelegate.swift in Sources */ = {isa = PBXBuildFile; fileRef = 5FA5E80920A9650C0036F92A /* AppDelegate.swift */; };
		5FA5E80C20A9650C0036F92A /* ViewController.swift in Sources */ = {isa = PBXBuildFile; fileRef = 5FA5E80B20A9650C0036F92A /* ViewController.swift */; };
		5FA5E80F20A9650C0036F92A /* Main.storyboard in Resources */ = {isa = PBXBuildFile; fileRef = 5FA5E80D20A9650C0036F92A /* Main.storyboard */; };
		5FA5E81120A9650F0036F92A /* Assets.xcassets in Resources */ = {isa = PBXBuildFile; fileRef = 5FA5E81020A9650F0036F92A /* Assets.xcassets */; };
		5FA5E81420A9650F0036F92A /* LaunchScreen.storyboard in Resources */ = {isa = PBXBuildFile; fileRef = 5FA5E81220A9650F0036F92A /* LaunchScreen.storyboard */; };
		5FA5E81C20A9A3240036F92A /* .gitignore in Resources */ = {isa = PBXBuildFile; fileRef = 5FA5E81B20A9A3240036F92A /* .gitignore */; };
/* End PBXBuildFile section */

/* Begin PBXFileReference section */
		5FA5E80620A9650C0036F92A /* KudaGoParser.app */ = {isa = PBXFileReference; explicitFileType = wrapper.application; includeInIndex = 0; path = KudaGoParser.app; sourceTree = BUILT_PRODUCTS_DIR; };
		5FA5E80920A9650C0036F92A /* AppDelegate.swift */ = {isa = PBXFileReference; lastKnownFileType = sourcecode.swift; path = AppDelegate.swift; sourceTree = "<group>"; };
		5FA5E80B20A9650C0036F92A /* ViewController.swift */ = {isa = PBXFileReference; lastKnownFileType = sourcecode.swift; path = ViewController.swift; sourceTree = "<group>"; };
		5FA5E80E20A9650C0036F92A /* Base */ = {isa = PBXFileReference; lastKnownFileType = file.storyboard; name = Base; path = Base.lproj/Main.storyboard; sourceTree = "<group>"; };
		5FA5E81020A9650F0036F92A /* Assets.xcassets */ = {isa = PBXFileReference; lastKnownFileType = folder.assetcatalog; path = Assets.xcassets; sourceTree = "<group>"; };
		5FA5E81320A9650F0036F92A /* Base */ = {isa = PBXFileReference; lastKnownFileType = file.storyboard; name = Base; path = Base.lproj/LaunchScreen.storyboard; sourceTree = "<group>"; };
		5FA5E81520A9650F0036F92A /* Info.plist */ = {isa = PBXFileReference; lastKnownFileType = text.plist.xml; path = Info.plist; sourceTree = "<group>"; };
		5FA5E81B20A9A3240036F92A /* .gitignore */ = {isa = PBXFileReference; lastKnownFileType = text; path = .gitignore; sourceTree = "<group>"; };
/* End PBXFileReference section */

/* Begin PBXFrameworksBuildPhase section */
		5FA5E80320A9650B0036F92A /* Frameworks */ = {
			isa = PBXFrameworksBuildPhase;
			buildActionMask = 2147483647;
			files = (
			);
			runOnlyForDeploymentPostprocessing = 0;
		};
/* End PBXFrameworksBuildPhase section */

/* Begin PBXGroup section */
		5FA5E7FD20A9650B0036F92A = {
			isa = PBXGroup;
			children = (
				5FA5E80820A9650C0036F92A /* KudaGoParser */,
				5FA5E80720A9650C0036F92A /* Products */,
			);
			sourceTree = "<group>";
		};
		5FA5E80720A9650C0036F92A /* Products */ = {
			isa = PBXGroup;
			children = (
				5FA5E80620A9650C0036F92A /* KudaGoParser.app */,
			);
			name = Products;
			sourceTree = "<group>";
		};
		5FA5E80820A9650C0036F92A /* KudaGoParser */ = {
			isa = PBXGroup;
			children = (
				5FA5E80920A9650C0036F92A /* AppDelegate.swift */,
				5FA5E80B20A9650C0036F92A /* ViewController.swift */,
				5FA5E80D20A9650C0036F92A /* Main.storyboard */,
				5FA5E81B20A9A3240036F92A /* .gitignore */,
				5FA5E81020A9650F0036F92A /* Assets.xcassets */,
				5FA5E81220A9650F0036F92A /* LaunchScreen.storyboard */,
				5FA5E81520A9650F0036F92A /* Info.plist */,
			);
			path = KudaGoParser;
			sourceTree = "<group>";
		};
/* End PBXGroup section */

/* Begin PBXNativeTarget section */
		5FA5E80520A9650B0036F92A /* KudaGoParser */ = {
			isa = PBXNativeTarget;
			buildConfigurationList = 5FA5E81820A9650F0036F92A /* Build configuration list for PBXNativeTarget "KudaGoParser" */;
			buildPhases = (
				5FA5E80220A9650B0036F92A /* Sources */,
				5FA5E80320A9650B0036F92A /* Frameworks */,
				5FA5E80420A9650B0036F92A /* Resources */,
			);
			buildRules = (
			);
			dependencies = (
			);
			name = KudaGoParser;
			productName = KudaGoParser;
			productReference = 5FA5E80620A9650C0036F92A /* KudaGoParser.app */;
			productType = "com.apple.product-type.application";
		};
/* End PBXNativeTarget section */

/* Begin PBXProject section */
		5FA5E7FE20A9650B0036F92A /* Project object */ = {
			isa = PBXProject;
			attributes = {
				LastSwiftUpdateCheck = 0930;
				LastUpgradeCheck = 0930;
				ORGANIZATIONNAME = nikita;
				TargetAttributes = {
					5FA5E80520A9650B0036F92A = {
						CreatedOnToolsVersion = 9.3;
					};
				};
			};
			buildConfigurationList = 5FA5E80120A9650B0036F92A /* Build configuration list for PBXProject "KudaGoParser" */;
			compatibilityVersion = "Xcode 9.3";
			developmentRegion = en;
			hasScannedForEncodings = 0;
			knownRegions = (
				en,
				Base,
			);
			mainGroup = 5FA5E7FD20A9650B0036F92A;
			productRefGroup = 5FA5E80720A9650C0036F92A /* Products */;
			projectDirPath = "";
			projectRoot = "";
			targets = (
				5FA5E80520A9650B0036F92A /* KudaGoParser */,
			);
		};
/* End PBXProject section */

/* Begin PBXResourcesBuildPhase section */
		5FA5E80420A9650B0036F92A /* Resources */ = {
			isa = PBXResourcesBuildPhase;
			buildActionMask = 2147483647;
			files = (
				5FA5E81C20A9A3240036F92A /* .gitignore in Resources */,
				5FA5E81420A9650F0036F92A /* LaunchScreen.storyboard in Resources */,
				5FA5E81120A9650F0036F92A /* Assets.xcassets in Resources */,
				5FA5E80F20A9650C0036F92A /* Main.storyboard in Resources */,
			);
			runOnlyForDeploymentPostprocessing = 0;
		};
/* End PBXResourcesBuildPhase section */

/* Begin PBXSourcesBuildPhase section */
		5FA5E80220A9650B0036F92A /* Sources */ = {
			isa = PBXSourcesBuildPhase;
			buildActionMask = 2147483647;
			files = (
				5FA5E80C20A9650C0036F92A /* ViewController.swift in Sources */,
				5FA5E80A20A9650C0036F92A /* AppDelegate.swift in Sources */,
			);
			runOnlyForDeploymentPostprocessing = 0;
		};
/* End PBXSourcesBuildPhase section */

/* Begin PBXVariantGroup section */
		5FA5E80D20A9650C0036F92A /* Main.storyboard */ = {
			isa = PBXVariantGroup;
			children = (
				5FA5E80E20A9650C0036F92A /* Base */,
			);
			name = Main.storyboard;
			sourceTree = "<group>";
		};
		5FA5E81220A9650F0036F92A /* LaunchScreen.storyboard */ = {
			isa = PBXVariantGroup;
			children = (
				5FA5E81320A9650F0036F92A /* Base */,
			);
			name = LaunchScreen.storyboard;
			sourceTree = "<group>";
		};
/* End PBXVariantGroup section */

/* Begin XCBuildConfiguration section */
		5FA5E81620A9650F0036F92A /* Debug */ = {
			isa = XCBuildConfiguration;
			buildSettings = {
				ALWAYS_SEARCH_USER_PATHS = NO;
				CLANG_ANALYZER_NONNULL = YES;
				CLANG_ANALYZER_NUMBER_OBJECT_CONVERSION = YES_AGGRESSIVE;
				CLANG_CXX_LANGUAGE_STANDARD = "gnu++14";
				CLANG_CXX_LIBRARY = "libc++";
				CLANG_ENABLE_MODULES = YES;
				CLANG_ENABLE_OBJC_ARC = YES;
				CLANG_ENABLE_OBJC_WEAK = YES;
				CLANG_WARN_BLOCK_CAPTURE_AUTORELEASING = YES;
				CLANG_WARN_BOOL_CONVERSION = YES;
				CLANG_WARN_COMMA = YES;
				CLANG_WARN_CONSTANT_CONVERSION = YES;
				CLANG_WARN_DEPRECATED_OBJC_IMPLEMENTATIONS = YES;
				CLANG_WARN_DIRECT_OBJC_ISA_USAGE = YES_ERROR;
				CLANG_WARN_DOCUMENTATION_COMMENTS = YES;
				CLANG_WARN_EMPTY_BODY = YES;
				CLANG_WARN_ENUM_CONVERSION = YES;
				CLANG_WARN_INFINITE_RECURSION = YES;
				CLANG_WARN_INT_CONVERSION = YES;
				CLANG_WARN_NON_LITERAL_NULL_CONVERSION = YES;
				CLANG_WARN_OBJC_IMPLICIT_RETAIN_SELF = YES;
				CLANG_WARN_OBJC_LITERAL_CONVERSION = YES;
				CLANG_WARN_OBJC_ROOT_CLASS = YES_ERROR;
				CLANG_WARN_RANGE_LOOP_ANALYSIS = YES;
				CLANG_WARN_STRICT_PROTOTYPES = YES;
				CLANG_WARN_SUSPICIOUS_MOVE = YES;
				CLANG_WARN_UNGUARDED_AVAILABILITY = YES_AGGRESSIVE;
				CLANG_WARN_UNREACHABLE_CODE = YES;
				CLANG_WARN__DUPLICATE_METHOD_MATCH = YES;
				CODE_SIGN_IDENTITY = "iPhone Developer";
				COPY_PHASE_STRIP = NO;
				DEBUG_INFORMATION_FORMAT = dwarf;
				ENABLE_STRICT_OBJC_MSGSEND = YES;
				ENABLE_TESTABILITY = YES;
				GCC_C_LANGUAGE_STANDARD = gnu11;
				GCC_DYNAMIC_NO_PIC = NO;
				GCC_NO_COMMON_BLOCKS = YES;
				GCC_OPTIMIZATION_LEVEL = 0;
				GCC_PREPROCESSOR_DEFINITIONS = (
					"DEBUG=1",
					"$(inherited)",
				);
				GCC_WARN_64_TO_32_BIT_CONVERSION = YES;
				GCC_WARN_ABOUT_RETURN_TYPE = YES_ERROR;
				GCC_WARN_UNDECLARED_SELECTOR = YES;
				GCC_WARN_UNINITIALIZED_AUTOS = YES_AGGRESSIVE;
				GCC_WARN_UNUSED_FUNCTION = YES;
				GCC_WARN_UNUSED_VARIABLE = YES;
				IPHONEOS_DEPLOYMENT_TARGET = 11.3;
				MTL_ENABLE_DEBUG_INFO = YES;
				ONLY_ACTIVE_ARCH = YES;
				SDKROOT = iphoneos;
				SWIFT_ACTIVE_COMPILATION_CONDITIONS = DEBUG;
				SWIFT_OPTIMIZATION_LEVEL = "-Onone";
			};
			name = Debug;
		};
		5FA5E81720A9650F0036F92A /* Release */ = {
			isa = XCBuildConfiguration;
			buildSettings = {
				ALWAYS_SEARCH_USER_PATHS = NO;
				CLANG_ANALYZER_NONNULL = YES;
				CLANG_ANALYZER_NUMBER_OBJECT_CONVERSION = YES_AGGRESSIVE;
				CLANG_CXX_LANGUAGE_STANDARD = "gnu++14";
				CLANG_CXX_LIBRARY = "libc++";
				CLANG_ENABLE_MODULES = YES;
				CLANG_ENABLE_OBJC_ARC = YES;
				CLANG_ENABLE_OBJC_WEAK = YES;
				CLANG_WARN_BLOCK_CAPTURE_AUTORELEASING = YES;
				CLANG_WARN_BOOL_CONVERSION = YES;
				CLANG_WARN_COMMA = YES;
				CLANG_WARN_CONSTANT_CONVERSION = YES;
				CLANG_WARN_DEPRECATED_OBJC_IMPLEMENTATIONS = YES;
				CLANG_WARN_DIRECT_OBJC_ISA_USAGE = YES_ERROR;
				CLANG_WARN_DOCUMENTATION_COMMENTS = YES;
				CLANG_WARN_EMPTY_BODY = YES;
				CLANG_WARN_ENUM_CONVERSION = YES;
				CLANG_WARN_INFINITE_RECURSION = YES;
				CLANG_WARN_INT_CONVERSION = YES;
				CLANG_WARN_NON_LITERAL_NULL_CONVERSION = YES;
				CLANG_WARN_OBJC_IMPLICIT_RETAIN_SELF = YES;
				CLANG_WARN_OBJC_LITERAL_CONVERSION = YES;
				CLANG_WARN_OBJC_ROOT_CLASS = YES_ERROR;
				CLANG_WARN_RANGE_LOOP_ANALYSIS = YES;
				CLANG_WARN_STRICT_PROTOTYPES = YES;
				CLANG_WARN_SUSPICIOUS_MOVE = YES;
				CLANG_WARN_UNGUARDED_AVAILABILITY = YES_AGGRESSIVE;
				CLANG_WARN_UNREACHABLE_CODE = YES;
				CLANG_WARN__DUPLICATE_METHOD_MATCH = YES;
				CODE_SIGN_IDENTITY = "iPhone Developer";
				COPY_PHASE_STRIP = NO;
				DEBUG_INFORMATION_FORMAT = "dwarf-with-dsym";
				ENABLE_NS_ASSERTIONS = NO;
				ENABLE_STRICT_OBJC_MSGSEND = YES;
				GCC_C_LANGUAGE_STANDARD = gnu11;
				GCC_NO_COMMON_BLOCKS = YES;
				GCC_WARN_64_TO_32_BIT_CONVERSION = YES;
				GCC_WARN_ABOUT_RETURN_TYPE = YES_ERROR;
				GCC_WARN_UNDECLARED_SELECTOR = YES;
				GCC_WARN_UNINITIALIZED_AUTOS = YES_AGGRESSIVE;
				GCC_WARN_UNUSED_FUNCTION = YES;
				GCC_WARN_UNUSED_VARIABLE = YES;
				IPHONEOS_DEPLOYMENT_TARGET = 11.3;
				MTL_ENABLE_DEBUG_INFO = NO;
				SDKROOT = iphoneos;
				SWIFT_COMPILATION_MODE = wholemodule;
				SWIFT_OPTIMIZATION_LEVEL = "-O";
				VALIDATE_PRODUCT = YES;
			};
			name = Release;
		};
		5FA5E81920A9650F0036F92A /* Debug */ = {
			isa = XCBuildConfiguration;
			buildSettings = {
				ASSETCATALOG_COMPILER_APPICON_NAME = AppIcon;
				CODE_SIGN_STYLE = Automatic;
				DEVELOPMENT_TEAM = PYTC3MQ92X;
				INFOPLIST_FILE = KudaGoParser/Info.plist;
				IPHONEOS_DEPLOYMENT_TARGET = 10.0;
				LD_RUNPATH_SEARCH_PATHS = (
					"$(inherited)",
					"@executable_path/Frameworks",
				);
				PRODUCT_BUNDLE_IDENTIFIER = nikita.ru.KudaGoParser;
				PRODUCT_NAME = "$(TARGET_NAME)";
				SWIFT_VERSION = 4.0;
				TARGETED_DEVICE_FAMILY = 1;
			};
			name = Debug;
		};
		5FA5E81A20A9650F0036F92A /* Release */ = {
			isa = XCBuildConfiguration;
			buildSettings = {
				ASSETCATALOG_COMPILER_APPICON_NAME = AppIcon;
				CODE_SIGN_STYLE = Automatic;
				DEVELOPMENT_TEAM = PYTC3MQ92X;
				INFOPLIST_FILE = KudaGoParser/Info.plist;
				IPHONEOS_DEPLOYMENT_TARGET = 10.0;
				LD_RUNPATH_SEARCH_PATHS = (
					"$(inherited)",
					"@executable_path/Frameworks",
				);
				PRODUCT_BUNDLE_IDENTIFIER = nikita.ru.KudaGoParser;
				PRODUCT_NAME = "$(TARGET_NAME)";
				SWIFT_VERSION = 4.0;
				TARGETED_DEVICE_FAMILY = 1;
			};
			name = Release;
		};
/* End XCBuildConfiguration section */

/* Begin XCConfigurationList section */
		5FA5E80120A9650B0036F92A /* Build configuration list for PBXProject "KudaGoParser" */ = {
			isa = XCConfigurationList;
			buildConfigurations = (
				5FA5E81620A9650F0036F92A /* Debug */,
				5FA5E81720A9650F0036F92A /* Release */,
			);
			defaultConfigurationIsVisible = 0;
			defaultConfigurationName = Release;
		};
		5FA5E81820A9650F0036F92A /* Build configuration list for PBXNativeTarget "KudaGoParser" */ = {
			isa = XCConfigurationList;
			buildConfigurations = (
				5FA5E81920A9650F0036F92A /* Debug */,
				5FA5E81A20A9650F0036F92A /* Release */,
			);
			defaultConfigurationIsVisible = 0;
			defaultConfigurationName = Release;
		};
/* End XCConfigurationList section */
	};
	rootObject = 5FA5E7FE20A9650B0036F92A /* Project object */;
}
