// !$*UTF8*$!
{
	archiveVersion = 1;
	classes = {
	};
	objectVersion = 50;
	objects = {

/* Begin PBXBuildFile section */
		4EF8E777DBF892A5E10B7CD3 /* Pods_KudaGoParser.framework in Frameworks */ = {isa = PBXBuildFile; fileRef = E4950C3EA53DDBD31CE2F7FD /* Pods_KudaGoParser.framework */; };
		5F097E6820BBFC24007304B4 /* AnnotationPin.swift in Sources */ = {isa = PBXBuildFile; fileRef = 5F097E6720BBFC24007304B4 /* AnnotationPin.swift */; };
		5F5C96DA20BC74D400114570 /* CustomPageControl.swift in Sources */ = {isa = PBXBuildFile; fileRef = 5F5C96D920BC74D400114570 /* CustomPageControl.swift */; };
		5F5C96E820BD3A1200114570 /* SF-Pro-Text-Regular.otf in Resources */ = {isa = PBXBuildFile; fileRef = 5F5C96DF20BC9C9000114570 /* SF-Pro-Text-Regular.otf */; };
		5F75682821E89CC000A2130C /* EventTableViewCell.xib in Resources */ = {isa = PBXBuildFile; fileRef = 5F75682621E89CC000A2130C /* EventTableViewCell.xib */; };
		5F75682F21E8B25D00A2130C /* DetailViewCell.xib in Resources */ = {isa = PBXBuildFile; fileRef = 5F75682D21E8B25D00A2130C /* DetailViewCell.xib */; };
		5F8DE46F20CBE522005D8C51 /* DropShadowEffect.swift in Sources */ = {isa = PBXBuildFile; fileRef = 5F8DE46E20CBE522005D8C51 /* DropShadowEffect.swift */; };
		5F8DE47120CBFB59005D8C51 /* UIColor+RedColor.swift in Sources */ = {isa = PBXBuildFile; fileRef = 5F8DE47020CBFB59005D8C51 /* UIColor+RedColor.swift */; };
		5FA4A2DE20B6DEF8003B924E /* DetailViewCell.swift in Sources */ = {isa = PBXBuildFile; fileRef = 5FA4A2DD20B6DEF8003B924E /* DetailViewCell.swift */; };
		5FA4A2E020B6DF73003B924E /* DetailViewController.swift in Sources */ = {isa = PBXBuildFile; fileRef = 5FA4A2DF20B6DF73003B924E /* DetailViewController.swift */; };
		5FA5E80A20A9650C0036F92A /* AppDelegate.swift in Sources */ = {isa = PBXBuildFile; fileRef = 5FA5E80920A9650C0036F92A /* AppDelegate.swift */; };
		5FA5E80C20A9650C0036F92A /* EventViewController.swift in Sources */ = {isa = PBXBuildFile; fileRef = 5FA5E80B20A9650C0036F92A /* EventViewController.swift */; };
		5FA5E80F20A9650C0036F92A /* Main.storyboard in Resources */ = {isa = PBXBuildFile; fileRef = 5FA5E80D20A9650C0036F92A /* Main.storyboard */; };
		5FA5E81120A9650F0036F92A /* Assets.xcassets in Resources */ = {isa = PBXBuildFile; fileRef = 5FA5E81020A9650F0036F92A /* Assets.xcassets */; };
		5FA5E81420A9650F0036F92A /* LaunchScreen.storyboard in Resources */ = {isa = PBXBuildFile; fileRef = 5FA5E81220A9650F0036F92A /* LaunchScreen.storyboard */; };
		5FA5E81C20A9A3240036F92A /* .gitignore in Resources */ = {isa = PBXBuildFile; fileRef = 5FA5E81B20A9A3240036F92A /* .gitignore */; };
		5FA5E81E20A9A7240036F92A /* EventTableViewCell.swift in Sources */ = {isa = PBXBuildFile; fileRef = 5FA5E81D20A9A7240036F92A /* EventTableViewCell.swift */; };
		5FA5E82220A9A8B50036F92A /* EventsService.swift in Sources */ = {isa = PBXBuildFile; fileRef = 5FA5E82120A9A8B50036F92A /* EventsService.swift */; };
		5FA5E82420A9A9FE0036F92A /* ParseType.swift in Sources */ = {isa = PBXBuildFile; fileRef = 5FA5E82320A9A9FE0036F92A /* ParseType.swift */; };
		5FAB2F5E20C1539600BB8021 /* Connectivity.swift in Sources */ = {isa = PBXBuildFile; fileRef = 5FAB2F5D20C1539600BB8021 /* Connectivity.swift */; };
		5FAB2F6020C15B4400BB8021 /* RefreshContent.swift in Sources */ = {isa = PBXBuildFile; fileRef = 5FAB2F5F20C15B4400BB8021 /* RefreshContent.swift */; };
		5FBE6FA120BEDB5600FDB1B3 /* NoConnectionViewController.swift in Sources */ = {isa = PBXBuildFile; fileRef = 5FBE6FA020BEDB5600FDB1B3 /* NoConnectionViewController.swift */; };
		5FCF390820B805F1000B19AF /* MapKit.framework in Frameworks */ = {isa = PBXBuildFile; fileRef = 5FCF390720B805F1000B19AF /* MapKit.framework */; };
		5FCF391120B8B0D2000B19AF /* RefreshContent.xib in Resources */ = {isa = PBXBuildFile; fileRef = 5FCF391020B8B0D2000B19AF /* RefreshContent.xib */; };
		5FD3B57620BD799A002CA5D2 /* ShadowView.swift in Sources */ = {isa = PBXBuildFile; fileRef = 5FD3B57520BD799A002CA5D2 /* ShadowView.swift */; };
		5FD3B57820BD7A31002CA5D2 /* InteractivePopRecognizer.swift in Sources */ = {isa = PBXBuildFile; fileRef = 5FD3B57720BD7A31002CA5D2 /* InteractivePopRecognizer.swift */; };
		5FD3B59A20BE8060002CA5D2 /* CustomIndicator.swift in Sources */ = {isa = PBXBuildFile; fileRef = 5FD3B59920BE8060002CA5D2 /* CustomIndicator.swift */; };
		5FECD2AF20D7D24D0077A007 /* SF-Pro-Text-Bold.otf in Resources */ = {isa = PBXBuildFile; fileRef = 5FECD2AE20D7D24D0077A007 /* SF-Pro-Text-Bold.otf */; };
		5FECD2B420D7D2810077A007 /* SF-Pro-Display-Bold.otf in Resources */ = {isa = PBXBuildFile; fileRef = 5FECD2B020D7D2810077A007 /* SF-Pro-Display-Bold.otf */; };
		5FECD2B520D7D2810077A007 /* SF-Pro-Display-Black.otf in Resources */ = {isa = PBXBuildFile; fileRef = 5FECD2B120D7D2810077A007 /* SF-Pro-Display-Black.otf */; };
		5FECD2B620D7D2810077A007 /* SF-Pro-Text-Semibold.otf in Resources */ = {isa = PBXBuildFile; fileRef = 5FECD2B220D7D2810077A007 /* SF-Pro-Text-Semibold.otf */; };
		5FECD2B720D7D2810077A007 /* SF-Pro-Text-Medium.otf in Resources */ = {isa = PBXBuildFile; fileRef = 5FECD2B320D7D2810077A007 /* SF-Pro-Text-Medium.otf */; };
		5FECD2BA20EA2C950077A007 /* Result.swift in Sources */ = {isa = PBXBuildFile; fileRef = 5FECD2B920EA2C950077A007 /* Result.swift */; };
		5FECD2BC20EA2C9F0077A007 /* Dates.swift in Sources */ = {isa = PBXBuildFile; fileRef = 5FECD2BB20EA2C9F0077A007 /* Dates.swift */; };
		5FECD2BE20EA2CAE0077A007 /* Image.swift in Sources */ = {isa = PBXBuildFile; fileRef = 5FECD2BD20EA2CAE0077A007 /* Image.swift */; };
		5FECD2C020EA2CB70077A007 /* Size.swift in Sources */ = {isa = PBXBuildFile; fileRef = 5FECD2BF20EA2CB70077A007 /* Size.swift */; };
		5FECD2C220EA2CC80077A007 /* Place.swift in Sources */ = {isa = PBXBuildFile; fileRef = 5FECD2C120EA2CC80077A007 /* Place.swift */; };
		5FECD2C420EA2CD00077A007 /* Coords.swift in Sources */ = {isa = PBXBuildFile; fileRef = 5FECD2C320EA2CD00077A007 /* Coords.swift */; };
		5FECD2C620EA2CDB0077A007 /* DetailImages.swift in Sources */ = {isa = PBXBuildFile; fileRef = 5FECD2C520EA2CDB0077A007 /* DetailImages.swift */; };
		5FECD2C820EA2CE20077A007 /* Cities.swift in Sources */ = {isa = PBXBuildFile; fileRef = 5FECD2C720EA2CE20077A007 /* Cities.swift */; };
		5FECD2CA20EDF8AF0077A007 /* EventsDataModel.swift in Sources */ = {isa = PBXBuildFile; fileRef = 5FECD2C920EDF8AF0077A007 /* EventsDataModel.swift */; };
		5FF09D9920C51F4B00AF74B6 /* CitiesViewController.swift in Sources */ = {isa = PBXBuildFile; fileRef = 5FF09D9820C51F4B00AF74B6 /* CitiesViewController.swift */; };
		5FFD7FE521526EDE00C6D628 /* Events.swift in Sources */ = {isa = PBXBuildFile; fileRef = 5FFD7FE421526EDE00C6D628 /* Events.swift */; };
/* End PBXBuildFile section */

/* Begin PBXFileReference section */
		5F097E6720BBFC24007304B4 /* AnnotationPin.swift */ = {isa = PBXFileReference; lastKnownFileType = sourcecode.swift; path = AnnotationPin.swift; sourceTree = "<group>"; };
		5F5C96D920BC74D400114570 /* CustomPageControl.swift */ = {isa = PBXFileReference; lastKnownFileType = sourcecode.swift; path = CustomPageControl.swift; sourceTree = "<group>"; };
		5F5C96DF20BC9C9000114570 /* SF-Pro-Text-Regular.otf */ = {isa = PBXFileReference; lastKnownFileType = file; path = "SF-Pro-Text-Regular.otf"; sourceTree = "<group>"; };
		5F75682621E89CC000A2130C /* EventTableViewCell.xib */ = {isa = PBXFileReference; lastKnownFileType = file.xib; path = EventTableViewCell.xib; sourceTree = "<group>"; };
		5F75682D21E8B25D00A2130C /* DetailViewCell.xib */ = {isa = PBXFileReference; lastKnownFileType = file.xib; path = DetailViewCell.xib; sourceTree = "<group>"; };
		5F8DE46E20CBE522005D8C51 /* DropShadowEffect.swift */ = {isa = PBXFileReference; lastKnownFileType = sourcecode.swift; path = DropShadowEffect.swift; sourceTree = "<group>"; };
		5F8DE47020CBFB59005D8C51 /* UIColor+RedColor.swift */ = {isa = PBXFileReference; lastKnownFileType = sourcecode.swift; path = "UIColor+RedColor.swift"; sourceTree = "<group>"; };
		5FA4A2DD20B6DEF8003B924E /* DetailViewCell.swift */ = {isa = PBXFileReference; lastKnownFileType = sourcecode.swift; path = DetailViewCell.swift; sourceTree = "<group>"; };
		5FA4A2DF20B6DF73003B924E /* DetailViewController.swift */ = {isa = PBXFileReference; lastKnownFileType = sourcecode.swift; path = DetailViewController.swift; sourceTree = "<group>"; };
		5FA5E80620A9650C0036F92A /* KudaGoParser.app */ = {isa = PBXFileReference; explicitFileType = wrapper.application; includeInIndex = 0; path = KudaGoParser.app; sourceTree = BUILT_PRODUCTS_DIR; };
		5FA5E80920A9650C0036F92A /* AppDelegate.swift */ = {isa = PBXFileReference; lastKnownFileType = sourcecode.swift; path = AppDelegate.swift; sourceTree = "<group>"; };
		5FA5E80B20A9650C0036F92A /* EventViewController.swift */ = {isa = PBXFileReference; lastKnownFileType = sourcecode.swift; path = EventViewController.swift; sourceTree = "<group>"; };
		5FA5E80E20A9650C0036F92A /* Base */ = {isa = PBXFileReference; lastKnownFileType = file.storyboard; name = Base; path = Base.lproj/Main.storyboard; sourceTree = "<group>"; };
		5FA5E81020A9650F0036F92A /* Assets.xcassets */ = {isa = PBXFileReference; lastKnownFileType = folder.assetcatalog; path = Assets.xcassets; sourceTree = "<group>"; };
		5FA5E81320A9650F0036F92A /* Base */ = {isa = PBXFileReference; lastKnownFileType = file.storyboard; name = Base; path = Base.lproj/LaunchScreen.storyboard; sourceTree = "<group>"; };
		5FA5E81520A9650F0036F92A /* Info.plist */ = {isa = PBXFileReference; lastKnownFileType = text.plist.xml; path = Info.plist; sourceTree = "<group>"; };
		5FA5E81B20A9A3240036F92A /* .gitignore */ = {isa = PBXFileReference; lastKnownFileType = text; path = .gitignore; sourceTree = "<group>"; };
		5FA5E81D20A9A7240036F92A /* EventTableViewCell.swift */ = {isa = PBXFileReference; lastKnownFileType = sourcecode.swift; path = EventTableViewCell.swift; sourceTree = "<group>"; };
		5FA5E82120A9A8B50036F92A /* EventsService.swift */ = {isa = PBXFileReference; lastKnownFileType = sourcecode.swift; path = EventsService.swift; sourceTree = "<group>"; };
		5FA5E82320A9A9FE0036F92A /* ParseType.swift */ = {isa = PBXFileReference; lastKnownFileType = sourcecode.swift; path = ParseType.swift; sourceTree = "<group>"; };
		5FAB2F5D20C1539600BB8021 /* Connectivity.swift */ = {isa = PBXFileReference; lastKnownFileType = sourcecode.swift; path = Connectivity.swift; sourceTree = "<group>"; };
		5FAB2F5F20C15B4400BB8021 /* RefreshContent.swift */ = {isa = PBXFileReference; lastKnownFileType = sourcecode.swift; path = RefreshContent.swift; sourceTree = "<group>"; };
		5FBE6FA020BEDB5600FDB1B3 /* NoConnectionViewController.swift */ = {isa = PBXFileReference; lastKnownFileType = sourcecode.swift; path = NoConnectionViewController.swift; sourceTree = "<group>"; };
		5FCF390720B805F1000B19AF /* MapKit.framework */ = {isa = PBXFileReference; lastKnownFileType = wrapper.framework; name = MapKit.framework; path = System/Library/Frameworks/MapKit.framework; sourceTree = SDKROOT; };
		5FCF391020B8B0D2000B19AF /* RefreshContent.xib */ = {isa = PBXFileReference; lastKnownFileType = file.xib; path = RefreshContent.xib; sourceTree = "<group>"; };
		5FD3B57520BD799A002CA5D2 /* ShadowView.swift */ = {isa = PBXFileReference; lastKnownFileType = sourcecode.swift; path = ShadowView.swift; sourceTree = "<group>"; };
		5FD3B57720BD7A31002CA5D2 /* InteractivePopRecognizer.swift */ = {isa = PBXFileReference; lastKnownFileType = sourcecode.swift; path = InteractivePopRecognizer.swift; sourceTree = "<group>"; };
		5FD3B59920BE8060002CA5D2 /* CustomIndicator.swift */ = {isa = PBXFileReference; lastKnownFileType = sourcecode.swift; path = CustomIndicator.swift; sourceTree = "<group>"; };
		5FECD2AE20D7D24D0077A007 /* SF-Pro-Text-Bold.otf */ = {isa = PBXFileReference; lastKnownFileType = file; path = "SF-Pro-Text-Bold.otf"; sourceTree = "<group>"; };
		5FECD2B020D7D2810077A007 /* SF-Pro-Display-Bold.otf */ = {isa = PBXFileReference; lastKnownFileType = file; path = "SF-Pro-Display-Bold.otf"; sourceTree = "<group>"; };
		5FECD2B120D7D2810077A007 /* SF-Pro-Display-Black.otf */ = {isa = PBXFileReference; lastKnownFileType = file; path = "SF-Pro-Display-Black.otf"; sourceTree = "<group>"; };
		5FECD2B220D7D2810077A007 /* SF-Pro-Text-Semibold.otf */ = {isa = PBXFileReference; lastKnownFileType = file; path = "SF-Pro-Text-Semibold.otf"; sourceTree = "<group>"; };
		5FECD2B320D7D2810077A007 /* SF-Pro-Text-Medium.otf */ = {isa = PBXFileReference; lastKnownFileType = file; path = "SF-Pro-Text-Medium.otf"; sourceTree = "<group>"; };
		5FECD2B920EA2C950077A007 /* Result.swift */ = {isa = PBXFileReference; lastKnownFileType = sourcecode.swift; path = Result.swift; sourceTree = "<group>"; };
		5FECD2BB20EA2C9F0077A007 /* Dates.swift */ = {isa = PBXFileReference; lastKnownFileType = sourcecode.swift; path = Dates.swift; sourceTree = "<group>"; };
		5FECD2BD20EA2CAE0077A007 /* Image.swift */ = {isa = PBXFileReference; lastKnownFileType = sourcecode.swift; path = Image.swift; sourceTree = "<group>"; };
		5FECD2BF20EA2CB70077A007 /* Size.swift */ = {isa = PBXFileReference; lastKnownFileType = sourcecode.swift; path = Size.swift; sourceTree = "<group>"; };
		5FECD2C120EA2CC80077A007 /* Place.swift */ = {isa = PBXFileReference; lastKnownFileType = sourcecode.swift; path = Place.swift; sourceTree = "<group>"; };
		5FECD2C320EA2CD00077A007 /* Coords.swift */ = {isa = PBXFileReference; lastKnownFileType = sourcecode.swift; path = Coords.swift; sourceTree = "<group>"; };
		5FECD2C520EA2CDB0077A007 /* DetailImages.swift */ = {isa = PBXFileReference; lastKnownFileType = sourcecode.swift; path = DetailImages.swift; sourceTree = "<group>"; };
		5FECD2C720EA2CE20077A007 /* Cities.swift */ = {isa = PBXFileReference; lastKnownFileType = sourcecode.swift; path = Cities.swift; sourceTree = "<group>"; };
		5FECD2C920EDF8AF0077A007 /* EventsDataModel.swift */ = {isa = PBXFileReference; lastKnownFileType = sourcecode.swift; path = EventsDataModel.swift; sourceTree = "<group>"; };
		5FF09D9820C51F4B00AF74B6 /* CitiesViewController.swift */ = {isa = PBXFileReference; lastKnownFileType = sourcecode.swift; path = CitiesViewController.swift; sourceTree = "<group>"; };
		5FFD7FE421526EDE00C6D628 /* Events.swift */ = {isa = PBXFileReference; lastKnownFileType = sourcecode.swift; path = Events.swift; sourceTree = "<group>"; };
		82173B61C174347F25878969 /* Pods-KudaGoParser.debug.xcconfig */ = {isa = PBXFileReference; includeInIndex = 1; lastKnownFileType = text.xcconfig; name = "Pods-KudaGoParser.debug.xcconfig"; path = "Pods/Target Support Files/Pods-KudaGoParser/Pods-KudaGoParser.debug.xcconfig"; sourceTree = "<group>"; };
		8B1961C9338FA6E5D2C40985 /* Pods-KudaGoParser.release.xcconfig */ = {isa = PBXFileReference; includeInIndex = 1; lastKnownFileType = text.xcconfig; name = "Pods-KudaGoParser.release.xcconfig"; path = "Pods/Target Support Files/Pods-KudaGoParser/Pods-KudaGoParser.release.xcconfig"; sourceTree = "<group>"; };
		E4950C3EA53DDBD31CE2F7FD /* Pods_KudaGoParser.framework */ = {isa = PBXFileReference; explicitFileType = wrapper.framework; includeInIndex = 0; path = Pods_KudaGoParser.framework; sourceTree = BUILT_PRODUCTS_DIR; };
/* End PBXFileReference section */

/* Begin PBXFrameworksBuildPhase section */
		5FA5E80320A9650B0036F92A /* Frameworks */ = {
			isa = PBXFrameworksBuildPhase;
			buildActionMask = 2147483647;
			files = (
				5FCF390820B805F1000B19AF /* MapKit.framework in Frameworks */,
				4EF8E777DBF892A5E10B7CD3 /* Pods_KudaGoParser.framework in Frameworks */,
			);
			runOnlyForDeploymentPostprocessing = 0;
		};
/* End PBXFrameworksBuildPhase section */

/* Begin PBXGroup section */
		293C6F74F7195C1250038670 /* Frameworks */ = {
			isa = PBXGroup;
			children = (
				5FCF390720B805F1000B19AF /* MapKit.framework */,
				E4950C3EA53DDBD31CE2F7FD /* Pods_KudaGoParser.framework */,
			);
			name = Frameworks;
			sourceTree = "<group>";
		};
		3A3E2EC3686DD3A9411DD9A2 /* Pods */ = {
			isa = PBXGroup;
			children = (
				82173B61C174347F25878969 /* Pods-KudaGoParser.debug.xcconfig */,
				8B1961C9338FA6E5D2C40985 /* Pods-KudaGoParser.release.xcconfig */,
			);
			name = Pods;
			sourceTree = "<group>";
		};
		5F1E58EB20CA95F1006A1BF3 /* ViewClasses */ = {
			isa = PBXGroup;
			children = (
				5F8DE46E20CBE522005D8C51 /* DropShadowEffect.swift */,
				5F8DE47020CBFB59005D8C51 /* UIColor+RedColor.swift */,
				5FAB2F5D20C1539600BB8021 /* Connectivity.swift */,
				5F5C96D920BC74D400114570 /* CustomPageControl.swift */,
				5FD3B57720BD7A31002CA5D2 /* InteractivePopRecognizer.swift */,
				5FD3B57520BD799A002CA5D2 /* ShadowView.swift */,
				5F097E6720BBFC24007304B4 /* AnnotationPin.swift */,
				5FD3B59920BE8060002CA5D2 /* CustomIndicator.swift */,
			);
			path = ViewClasses;
			sourceTree = "<group>";
		};
		5F1E58EC20CA979A006A1BF3 /* RefreshContent */ = {
			isa = PBXGroup;
			children = (
				5FAB2F5F20C15B4400BB8021 /* RefreshContent.swift */,
				5FCF391020B8B0D2000B19AF /* RefreshContent.xib */,
			);
			path = RefreshContent;
			sourceTree = "<group>";
		};
		5F5C96DB20BC944D00114570 /* EventViewController */ = {
			isa = PBXGroup;
			children = (
				5FA5E80B20A9650C0036F92A /* EventViewController.swift */,
				5F75682921E8A03600A2130C /* EventTableViewCell */,
			);
			path = EventViewController;
			sourceTree = "<group>";
		};
		5F5C96DC20BC947500114570 /* DetailViewController */ = {
			isa = PBXGroup;
			children = (
				5FA4A2DF20B6DF73003B924E /* DetailViewController.swift */,
				5FA4A2DD20B6DEF8003B924E /* DetailViewCell.swift */,
				5F75682D21E8B25D00A2130C /* DetailViewCell.xib */,
			);
			path = DetailViewController;
			sourceTree = "<group>";
		};
		5F5C96DE20BC9C8F00114570 /* Fonts */ = {
			isa = PBXGroup;
			children = (
				5FECD2AE20D7D24D0077A007 /* SF-Pro-Text-Bold.otf */,
				5FECD2B120D7D2810077A007 /* SF-Pro-Display-Black.otf */,
				5FECD2B020D7D2810077A007 /* SF-Pro-Display-Bold.otf */,
				5FECD2B320D7D2810077A007 /* SF-Pro-Text-Medium.otf */,
				5FECD2B220D7D2810077A007 /* SF-Pro-Text-Semibold.otf */,
				5F5C96DF20BC9C9000114570 /* SF-Pro-Text-Regular.otf */,
			);
			path = Fonts;
			sourceTree = "<group>";
		};
		5F75682921E8A03600A2130C /* EventTableViewCell */ = {
			isa = PBXGroup;
			children = (
				5FA5E81D20A9A7240036F92A /* EventTableViewCell.swift */,
				5F75682621E89CC000A2130C /* EventTableViewCell.xib */,
			);
			path = EventTableViewCell;
			sourceTree = "<group>";
		};
		5FA5E7FD20A9650B0036F92A = {
			isa = PBXGroup;
			children = (
				5FA5E80820A9650C0036F92A /* KudaGoParser */,
				5FA5E80720A9650C0036F92A /* Products */,
				3A3E2EC3686DD3A9411DD9A2 /* Pods */,
				5FA5E81B20A9A3240036F92A /* .gitignore */,
				293C6F74F7195C1250038670 /* Frameworks */,
			);
			sourceTree = "<group>";
		};
		5FA5E80720A9650C0036F92A /* Products */ = {
			isa = PBXGroup;
			children = (
				5FA5E80620A9650C0036F92A /* KudaGoParser.app */,
			);
			name = Products;
			sourceTree = "<group>";
		};
		5FA5E80820A9650C0036F92A /* KudaGoParser */ = {
			isa = PBXGroup;
			children = (
				5FA5E82620A9AA5E0036F92A /* Controller */,
				5FA5E82520A9AA400036F92A /* Model */,
				5FA5E80D20A9650C0036F92A /* Main.storyboard */,
				5FA5E81220A9650F0036F92A /* LaunchScreen.storyboard */,
				5F5C96DE20BC9C8F00114570 /* Fonts */,
				5FA5E82720A9AA710036F92A /* SupportingFiles */,
			);
			path = KudaGoParser;
			sourceTree = "<group>";
		};
		5FA5E82520A9AA400036F92A /* Model */ = {
			isa = PBXGroup;
			children = (
				5FECD2B820EA2BDA0077A007 /* DecodableStructures */,
				5FA5E82320A9A9FE0036F92A /* ParseType.swift */,
				5FECD2C920EDF8AF0077A007 /* EventsDataModel.swift */,
				5FA5E82120A9A8B50036F92A /* EventsService.swift */,
			);
			path = Model;
			sourceTree = "<group>";
		};
		5FA5E82620A9AA5E0036F92A /* Controller */ = {
			isa = PBXGroup;
			children = (
				5F5C96DB20BC944D00114570 /* EventViewController */,
				5F5C96DC20BC947500114570 /* DetailViewController */,
				5F1E58EC20CA979A006A1BF3 /* RefreshContent */,
				5FBE6FA020BEDB5600FDB1B3 /* NoConnectionViewController.swift */,
				5FF09D9820C51F4B00AF74B6 /* CitiesViewController.swift */,
				5F1E58EB20CA95F1006A1BF3 /* ViewClasses */,
			);
			path = Controller;
			sourceTree = "<group>";
		};
		5FA5E82720A9AA710036F92A /* SupportingFiles */ = {
			isa = PBXGroup;
			children = (
				5FA5E81520A9650F0036F92A /* Info.plist */,
				5FA5E81020A9650F0036F92A /* Assets.xcassets */,
				5FA5E80920A9650C0036F92A /* AppDelegate.swift */,
			);
			path = SupportingFiles;
			sourceTree = "<group>";
		};
		5FECD2B820EA2BDA0077A007 /* DecodableStructures */ = {
			isa = PBXGroup;
			children = (
				5FFD7FE421526EDE00C6D628 /* Events.swift */,
				5FECD2C520EA2CDB0077A007 /* DetailImages.swift */,
				5FECD2C720EA2CE20077A007 /* Cities.swift */,
				5FECD2C120EA2CC80077A007 /* Place.swift */,
				5FECD2C320EA2CD00077A007 /* Coords.swift */,
				5FECD2BF20EA2CB70077A007 /* Size.swift */,
				5FECD2BB20EA2C9F0077A007 /* Dates.swift */,
				5FECD2B920EA2C950077A007 /* Result.swift */,
				5FECD2BD20EA2CAE0077A007 /* Image.swift */,
			);
			path = DecodableStructures;
			sourceTree = "<group>";
		};
/* End PBXGroup section */

/* Begin PBXNativeTarget section */
		5FA5E80520A9650B0036F92A /* KudaGoParser */ = {
			isa = PBXNativeTarget;
			buildConfigurationList = 5FA5E81820A9650F0036F92A /* Build configuration list for PBXNativeTarget "KudaGoParser" */;
			buildPhases = (
				9966EA05D1623170DF611778 /* [CP] Check Pods Manifest.lock */,
				5FA5E80220A9650B0036F92A /* Sources */,
				5FA5E80320A9650B0036F92A /* Frameworks */,
				5FA5E80420A9650B0036F92A /* Resources */,
				C79931DF14D0A234892944F5 /* [CP] Embed Pods Frameworks */,
			);
			buildRules = (
			);
			dependencies = (
			);
			name = KudaGoParser;
			productName = KudaGoParser;
			productReference = 5FA5E80620A9650C0036F92A /* KudaGoParser.app */;
			productType = "com.apple.product-type.application";
		};
/* End PBXNativeTarget section */

/* Begin PBXProject section */
		5FA5E7FE20A9650B0036F92A /* Project object */ = {
			isa = PBXProject;
			attributes = {
				LastSwiftUpdateCheck = 0930;
				LastUpgradeCheck = 0930;
				ORGANIZATIONNAME = nikita;
				TargetAttributes = {
					5FA5E80520A9650B0036F92A = {
						CreatedOnToolsVersion = 9.3;
						LastSwiftMigration = 1000;
						SystemCapabilities = {
							com.apple.Maps.iOS = {
								enabled = 1;
							};
						};
					};
				};
			};
			buildConfigurationList = 5FA5E80120A9650B0036F92A /* Build configuration list for PBXProject "KudaGoParser" */;
			compatibilityVersion = "Xcode 9.3";
			developmentRegion = en;
			hasScannedForEncodings = 0;
			knownRegions = (
				en,
				Base,
			);
			mainGroup = 5FA5E7FD20A9650B0036F92A;
			productRefGroup = 5FA5E80720A9650C0036F92A /* Products */;
			projectDirPath = "";
			projectRoot = "";
			targets = (
				5FA5E80520A9650B0036F92A /* KudaGoParser */,
			);
		};
/* End PBXProject section */

/* Begin PBXResourcesBuildPhase section */
		5FA5E80420A9650B0036F92A /* Resources */ = {
			isa = PBXResourcesBuildPhase;
			buildActionMask = 2147483647;
			files = (
				5F75682821E89CC000A2130C /* EventTableViewCell.xib in Resources */,
				5F75682F21E8B25D00A2130C /* DetailViewCell.xib in Resources */,
				5FA5E81C20A9A3240036F92A /* .gitignore in Resources */,
				5FCF391120B8B0D2000B19AF /* RefreshContent.xib in Resources */,
				5FECD2B620D7D2810077A007 /* SF-Pro-Text-Semibold.otf in Resources */,
				5FECD2B520D7D2810077A007 /* SF-Pro-Display-Black.otf in Resources */,
				5FECD2AF20D7D24D0077A007 /* SF-Pro-Text-Bold.otf in Resources */,
				5FECD2B720D7D2810077A007 /* SF-Pro-Text-Medium.otf in Resources */,
				5FA5E81420A9650F0036F92A /* LaunchScreen.storyboard in Resources */,
				5F5C96E820BD3A1200114570 /* SF-Pro-Text-Regular.otf in Resources */,
				5FA5E81120A9650F0036F92A /* Assets.xcassets in Resources */,
				5FECD2B420D7D2810077A007 /* SF-Pro-Display-Bold.otf in Resources */,
				5FA5E80F20A9650C0036F92A /* Main.storyboard in Resources */,
			);
			runOnlyForDeploymentPostprocessing = 0;
		};
/* End PBXResourcesBuildPhase section */

/* Begin PBXShellScriptBuildPhase section */
		9966EA05D1623170DF611778 /* [CP] Check Pods Manifest.lock */ = {
			isa = PBXShellScriptBuildPhase;
			buildActionMask = 2147483647;
			files = (
			);
			inputPaths = (
				"${PODS_PODFILE_DIR_PATH}/Podfile.lock",
				"${PODS_ROOT}/Manifest.lock",
			);
			name = "[CP] Check Pods Manifest.lock";
			outputPaths = (
				"$(DERIVED_FILE_DIR)/Pods-KudaGoParser-checkManifestLockResult.txt",
			);
			runOnlyForDeploymentPostprocessing = 0;
			shellPath = /bin/sh;
			shellScript = "diff \"${PODS_PODFILE_DIR_PATH}/Podfile.lock\" \"${PODS_ROOT}/Manifest.lock\" > /dev/null\nif [ $? != 0 ] ; then\n    # print error to STDERR\n    echo \"error: The sandbox is not in sync with the Podfile.lock. Run 'pod install' or update your CocoaPods installation.\" >&2\n    exit 1\nfi\n# This output is used by Xcode 'outputs' to avoid re-running this script phase.\necho \"SUCCESS\" > \"${SCRIPT_OUTPUT_FILE_0}\"\n";
			showEnvVarsInLog = 0;
		};
		C79931DF14D0A234892944F5 /* [CP] Embed Pods Frameworks */ = {
			isa = PBXShellScriptBuildPhase;
			buildActionMask = 2147483647;
			files = (
			);
			inputPaths = (
				"${SRCROOT}/Pods/Target Support Files/Pods-KudaGoParser/Pods-KudaGoParser-frameworks.sh",
				"${BUILT_PRODUCTS_DIR}/Alamofire/Alamofire.framework",
				"${BUILT_PRODUCTS_DIR}/Nuke/Nuke.framework",
			);
			name = "[CP] Embed Pods Frameworks";
			outputPaths = (
				"${TARGET_BUILD_DIR}/${FRAMEWORKS_FOLDER_PATH}/Alamofire.framework",
				"${TARGET_BUILD_DIR}/${FRAMEWORKS_FOLDER_PATH}/Nuke.framework",
			);
			runOnlyForDeploymentPostprocessing = 0;
			shellPath = /bin/sh;
			shellScript = "\"${SRCROOT}/Pods/Target Support Files/Pods-KudaGoParser/Pods-KudaGoParser-frameworks.sh\"\n";
			showEnvVarsInLog = 0;
		};
/* End PBXShellScriptBuildPhase section */

/* Begin PBXSourcesBuildPhase section */
		5FA5E80220A9650B0036F92A /* Sources */ = {
			isa = PBXSourcesBuildPhase;
			buildActionMask = 2147483647;
			files = (
				5F097E6820BBFC24007304B4 /* AnnotationPin.swift in Sources */,
				5FD3B57620BD799A002CA5D2 /* ShadowView.swift in Sources */,
				5FAB2F5E20C1539600BB8021 /* Connectivity.swift in Sources */,
				5FECD2C220EA2CC80077A007 /* Place.swift in Sources */,
				5FFD7FE521526EDE00C6D628 /* Events.swift in Sources */,
				5FA4A2E020B6DF73003B924E /* DetailViewController.swift in Sources */,
				5F8DE47120CBFB59005D8C51 /* UIColor+RedColor.swift in Sources */,
				5FECD2C420EA2CD00077A007 /* Coords.swift in Sources */,
				5FA5E81E20A9A7240036F92A /* EventTableViewCell.swift in Sources */,
				5FECD2BA20EA2C950077A007 /* Result.swift in Sources */,
				5FECD2C020EA2CB70077A007 /* Size.swift in Sources */,
				5F8DE46F20CBE522005D8C51 /* DropShadowEffect.swift in Sources */,
				5FD3B59A20BE8060002CA5D2 /* CustomIndicator.swift in Sources */,
				5FECD2BE20EA2CAE0077A007 /* Image.swift in Sources */,
				5FA5E82220A9A8B50036F92A /* EventsService.swift in Sources */,
				5FA5E80C20A9650C0036F92A /* EventViewController.swift in Sources */,
				5FECD2C820EA2CE20077A007 /* Cities.swift in Sources */,
				5FECD2CA20EDF8AF0077A007 /* EventsDataModel.swift in Sources */,
				5F5C96DA20BC74D400114570 /* CustomPageControl.swift in Sources */,
				5FF09D9920C51F4B00AF74B6 /* CitiesViewController.swift in Sources */,
				5FAB2F6020C15B4400BB8021 /* RefreshContent.swift in Sources */,
				5FECD2C620EA2CDB0077A007 /* DetailImages.swift in Sources */,
				5FA5E80A20A9650C0036F92A /* AppDelegate.swift in Sources */,
				5FA5E82420A9A9FE0036F92A /* ParseType.swift in Sources */,
				5FA4A2DE20B6DEF8003B924E /* DetailViewCell.swift in Sources */,
				5FD3B57820BD7A31002CA5D2 /* InteractivePopRecognizer.swift in Sources */,
				5FECD2BC20EA2C9F0077A007 /* Dates.swift in Sources */,
				5FBE6FA120BEDB5600FDB1B3 /* NoConnectionViewController.swift in Sources */,
			);
			runOnlyForDeploymentPostprocessing = 0;
		};
/* End PBXSourcesBuildPhase section */

/* Begin PBXVariantGroup section */
		5FA5E80D20A9650C0036F92A /* Main.storyboard */ = {
			isa = PBXVariantGroup;
			children = (
				5FA5E80E20A9650C0036F92A /* Base */,
			);
			name = Main.storyboard;
			sourceTree = "<group>";
		};
		5FA5E81220A9650F0036F92A /* LaunchScreen.storyboard */ = {
			isa = PBXVariantGroup;
			children = (
				5FA5E81320A9650F0036F92A /* Base */,
			);
			name = LaunchScreen.storyboard;
			sourceTree = "<group>";
		};
/* End PBXVariantGroup section */

/* Begin XCBuildConfiguration section */
		5FA5E81620A9650F0036F92A /* Debug */ = {
			isa = XCBuildConfiguration;
			buildSettings = {
				ALWAYS_SEARCH_USER_PATHS = NO;
				CLANG_ANALYZER_NONNULL = YES;
				CLANG_ANALYZER_NUMBER_OBJECT_CONVERSION = YES_AGGRESSIVE;
				CLANG_CXX_LANGUAGE_STANDARD = "gnu++14";
				CLANG_CXX_LIBRARY = "libc++";
				CLANG_ENABLE_MODULES = YES;
				CLANG_ENABLE_OBJC_ARC = YES;
				CLANG_ENABLE_OBJC_WEAK = YES;
				CLANG_WARN_BLOCK_CAPTURE_AUTORELEASING = YES;
				CLANG_WARN_BOOL_CONVERSION = YES;
				CLANG_WARN_COMMA = YES;
				CLANG_WARN_CONSTANT_CONVERSION = YES;
				CLANG_WARN_DEPRECATED_OBJC_IMPLEMENTATIONS = YES;
				CLANG_WARN_DIRECT_OBJC_ISA_USAGE = YES_ERROR;
				CLANG_WARN_DOCUMENTATION_COMMENTS = YES;
				CLANG_WARN_EMPTY_BODY = YES;
				CLANG_WARN_ENUM_CONVERSION = YES;
				CLANG_WARN_INFINITE_RECURSION = YES;
				CLANG_WARN_INT_CONVERSION = YES;
				CLANG_WARN_NON_LITERAL_NULL_CONVERSION = YES;
				CLANG_WARN_OBJC_IMPLICIT_RETAIN_SELF = YES;
				CLANG_WARN_OBJC_LITERAL_CONVERSION = YES;
				CLANG_WARN_OBJC_ROOT_CLASS = YES_ERROR;
				CLANG_WARN_RANGE_LOOP_ANALYSIS = YES;
				CLANG_WARN_STRICT_PROTOTYPES = YES;
				CLANG_WARN_SUSPICIOUS_MOVE = YES;
				CLANG_WARN_UNGUARDED_AVAILABILITY = YES_AGGRESSIVE;
				CLANG_WARN_UNREACHABLE_CODE = YES;
				CLANG_WARN__DUPLICATE_METHOD_MATCH = YES;
				CODE_SIGN_IDENTITY = "iPhone Developer";
				COPY_PHASE_STRIP = NO;
				DEBUG_INFORMATION_FORMAT = dwarf;
				ENABLE_STRICT_OBJC_MSGSEND = YES;
				ENABLE_TESTABILITY = YES;
				GCC_C_LANGUAGE_STANDARD = gnu11;
				GCC_DYNAMIC_NO_PIC = NO;
				GCC_NO_COMMON_BLOCKS = YES;
				GCC_OPTIMIZATION_LEVEL = 0;
				GCC_PREPROCESSOR_DEFINITIONS = (
					"DEBUG=1",
					"$(inherited)",
				);
				GCC_WARN_64_TO_32_BIT_CONVERSION = YES;
				GCC_WARN_ABOUT_RETURN_TYPE = YES_ERROR;
				GCC_WARN_UNDECLARED_SELECTOR = YES;
				GCC_WARN_UNINITIALIZED_AUTOS = YES_AGGRESSIVE;
				GCC_WARN_UNUSED_FUNCTION = YES;
				GCC_WARN_UNUSED_VARIABLE = YES;
				IPHONEOS_DEPLOYMENT_TARGET = 11.3;
				MTL_ENABLE_DEBUG_INFO = YES;
				ONLY_ACTIVE_ARCH = YES;
				SDKROOT = iphoneos;
				SWIFT_ACTIVE_COMPILATION_CONDITIONS = DEBUG;
				SWIFT_OPTIMIZATION_LEVEL = "-Onone";
			};
			name = Debug;
		};
		5FA5E81720A9650F0036F92A /* Release */ = {
			isa = XCBuildConfiguration;
			buildSettings = {
				ALWAYS_SEARCH_USER_PATHS = NO;
				CLANG_ANALYZER_NONNULL = YES;
				CLANG_ANALYZER_NUMBER_OBJECT_CONVERSION = YES_AGGRESSIVE;
				CLANG_CXX_LANGUAGE_STANDARD = "gnu++14";
				CLANG_CXX_LIBRARY = "libc++";
				CLANG_ENABLE_MODULES = YES;
				CLANG_ENABLE_OBJC_ARC = YES;
				CLANG_ENABLE_OBJC_WEAK = YES;
				CLANG_WARN_BLOCK_CAPTURE_AUTORELEASING = YES;
				CLANG_WARN_BOOL_CONVERSION = YES;
				CLANG_WARN_COMMA = YES;
				CLANG_WARN_CONSTANT_CONVERSION = YES;
				CLANG_WARN_DEPRECATED_OBJC_IMPLEMENTATIONS = YES;
				CLANG_WARN_DIRECT_OBJC_ISA_USAGE = YES_ERROR;
				CLANG_WARN_DOCUMENTATION_COMMENTS = YES;
				CLANG_WARN_EMPTY_BODY = YES;
				CLANG_WARN_ENUM_CONVERSION = YES;
				CLANG_WARN_INFINITE_RECURSION = YES;
				CLANG_WARN_INT_CONVERSION = YES;
				CLANG_WARN_NON_LITERAL_NULL_CONVERSION = YES;
				CLANG_WARN_OBJC_IMPLICIT_RETAIN_SELF = YES;
				CLANG_WARN_OBJC_LITERAL_CONVERSION = YES;
				CLANG_WARN_OBJC_ROOT_CLASS = YES_ERROR;
				CLANG_WARN_RANGE_LOOP_ANALYSIS = YES;
				CLANG_WARN_STRICT_PROTOTYPES = YES;
				CLANG_WARN_SUSPICIOUS_MOVE = YES;
				CLANG_WARN_UNGUARDED_AVAILABILITY = YES_AGGRESSIVE;
				CLANG_WARN_UNREACHABLE_CODE = YES;
				CLANG_WARN__DUPLICATE_METHOD_MATCH = YES;
				CODE_SIGN_IDENTITY = "iPhone Developer";
				COPY_PHASE_STRIP = NO;
				DEBUG_INFORMATION_FORMAT = "dwarf-with-dsym";
				ENABLE_NS_ASSERTIONS = NO;
				ENABLE_STRICT_OBJC_MSGSEND = YES;
				GCC_C_LANGUAGE_STANDARD = gnu11;
				GCC_NO_COMMON_BLOCKS = YES;
				GCC_WARN_64_TO_32_BIT_CONVERSION = YES;
				GCC_WARN_ABOUT_RETURN_TYPE = YES_ERROR;
				GCC_WARN_UNDECLARED_SELECTOR = YES;
				GCC_WARN_UNINITIALIZED_AUTOS = YES_AGGRESSIVE;
				GCC_WARN_UNUSED_FUNCTION = YES;
				GCC_WARN_UNUSED_VARIABLE = YES;
				IPHONEOS_DEPLOYMENT_TARGET = 11.3;
				MTL_ENABLE_DEBUG_INFO = NO;
				SDKROOT = iphoneos;
				SWIFT_COMPILATION_MODE = wholemodule;
				SWIFT_OPTIMIZATION_LEVEL = "-O";
				VALIDATE_PRODUCT = YES;
			};
			name = Release;
		};
		5FA5E81920A9650F0036F92A /* Debug */ = {
			isa = XCBuildConfiguration;
			baseConfigurationReference = 82173B61C174347F25878969 /* Pods-KudaGoParser.debug.xcconfig */;
			buildSettings = {
				ASSETCATALOG_COMPILER_APPICON_NAME = AppIcon;
				CODE_SIGN_STYLE = Automatic;
				DEVELOPMENT_TEAM = PYTC3MQ92X;
				INFOPLIST_FILE = "$(SRCROOT)/KudaGoParser/SupportingFiles/Info.plist";
				IPHONEOS_DEPLOYMENT_TARGET = 10.0;
				LD_RUNPATH_SEARCH_PATHS = (
					"$(inherited)",
					"@executable_path/Frameworks",
				);
				PRODUCT_BUNDLE_IDENTIFIER = nikita.ru.KudaGoParser;
				PRODUCT_NAME = "$(TARGET_NAME)";
				SWIFT_VERSION = 4.2;
				TARGETED_DEVICE_FAMILY = 1;
			};
			name = Debug;
		};
		5FA5E81A20A9650F0036F92A /* Release */ = {
			isa = XCBuildConfiguration;
			baseConfigurationReference = 8B1961C9338FA6E5D2C40985 /* Pods-KudaGoParser.release.xcconfig */;
			buildSettings = {
				ASSETCATALOG_COMPILER_APPICON_NAME = AppIcon;
				CODE_SIGN_STYLE = Automatic;
				DEVELOPMENT_TEAM = PYTC3MQ92X;
				INFOPLIST_FILE = "$(SRCROOT)/KudaGoParser/SupportingFiles/Info.plist";
				IPHONEOS_DEPLOYMENT_TARGET = 10.0;
				LD_RUNPATH_SEARCH_PATHS = (
					"$(inherited)",
					"@executable_path/Frameworks",
				);
				PRODUCT_BUNDLE_IDENTIFIER = nikita.ru.KudaGoParser;
				PRODUCT_NAME = "$(TARGET_NAME)";
				SWIFT_VERSION = 4.2;
				TARGETED_DEVICE_FAMILY = 1;
			};
			name = Release;
		};
/* End XCBuildConfiguration section */

/* Begin XCConfigurationList section */
		5FA5E80120A9650B0036F92A /* Build configuration list for PBXProject "KudaGoParser" */ = {
			isa = XCConfigurationList;
			buildConfigurations = (
				5FA5E81620A9650F0036F92A /* Debug */,
				5FA5E81720A9650F0036F92A /* Release */,
			);
			defaultConfigurationIsVisible = 0;
			defaultConfigurationName = Release;
		};
		5FA5E81820A9650F0036F92A /* Build configuration list for PBXNativeTarget "KudaGoParser" */ = {
			isa = XCConfigurationList;
			buildConfigurations = (
				5FA5E81920A9650F0036F92A /* Debug */,
				5FA5E81A20A9650F0036F92A /* Release */,
			);
			defaultConfigurationIsVisible = 0;
			defaultConfigurationName = Release;
		};
/* End XCConfigurationList section */
	};
	rootObject = 5FA5E7FE20A9650B0036F92A /* Project object */;
}
